
Microsoft Visual Studio Solution File, Format Version 12.00
# Visual Studio 15
VisualStudioVersion = 15.0.26228.9
MinimumVisualStudioVersion = 10.0.40219.1
Project("{8BC9CEB8-8B4A-11D0-8D11-00A0C91BC942}") = "TinyWpfHtml", "TinyWpfHtml\TinyWpfHtml.vcxproj", "{0B27053D-B626-42AF-B2C4-04AD1F54160C}"
	ProjectSection(ProjectDependencies) = postProject
		{5EEE68E7-3CB0-4ADB-AF72-4C0BB01F0B18} = {5EEE68E7-3CB0-4ADB-AF72-4C0BB01F0B18}
	EndProjectSection
EndProject
Project("{8BC9CEB8-8B4A-11D0-8D11-00A0C91BC942}") = "litehtml", "litehtml.proj\litehtml.vcxproj", "{5EEE68E7-3CB0-4ADB-AF72-4C0BB01F0B18}"
EndProject
Project("{FAE04EC0-301F-11D3-BF4B-00C04F79EFBC}") = "HtmlTestApp", "HtmlTestApp\HtmlTestApp.csproj", "{1AC0D3B0-CD98-4EB7-B266-0A1108C48CF5}"
	ProjectSection(ProjectDependencies) = postProject
		{5EEE68E7-3CB0-4ADB-AF72-4C0BB01F0B18} = {5EEE68E7-3CB0-4ADB-AF72-4C0BB01F0B18}
	EndProjectSection
EndProject
Project("{FAE04EC0-301F-11D3-BF4B-00C04F79EFBC}") = "TinyHtml.Wpf", "TinyHtml.Wpf\TinyHtml.Wpf.csproj", "{D743D60F-31E7-4FE8-BC8E-0D94EDE668DA}"
	ProjectSection(ProjectDependencies) = postProject
		{0B27053D-B626-42AF-B2C4-04AD1F54160C} = {0B27053D-B626-42AF-B2C4-04AD1F54160C}
		{5EEE68E7-3CB0-4ADB-AF72-4C0BB01F0B18} = {5EEE68E7-3CB0-4ADB-AF72-4C0BB01F0B18}
	EndProjectSection
EndProject
Project("{2150E333-8FDC-42A3-9474-1A3956D46DE8}") = "Solution Items", "Solution Items", "{7BF8E7AB-5910-46BF-9636-44A4E67745E0}"
	ProjectSection(SolutionItems) = preProject
		README.md = README.md
		TinyHtml.Wpf.nuspec = TinyHtml.Wpf.nuspec
	EndProjectSection
EndProject
Global
	GlobalSection(SolutionConfigurationPlatforms) = preSolution
		Debug|Any CPU = Debug|Any CPU
		Debug|x64 = Debug|x64
		Debug|x86 = Debug|x86
		Release|Any CPU = Release|Any CPU
		Release|x64 = Release|x64
		Release|x86 = Release|x86
	EndGlobalSection
	GlobalSection(ProjectConfigurationPlatforms) = postSolution
		{0B27053D-B626-42AF-B2C4-04AD1F54160C}.Debug|Any CPU.ActiveCfg = Debug|Win32
		{0B27053D-B626-42AF-B2C4-04AD1F54160C}.Debug|x64.ActiveCfg = Debug|x64
		{0B27053D-B626-42AF-B2C4-04AD1F54160C}.Debug|x64.Build.0 = Debug|x64
		{0B27053D-B626-42AF-B2C4-04AD1F54160C}.Debug|x86.ActiveCfg = Debug|Win32
		{0B27053D-B626-42AF-B2C4-04AD1F54160C}.Debug|x86.Build.0 = Debug|Win32
		{0B27053D-B626-42AF-B2C4-04AD1F54160C}.Release|Any CPU.ActiveCfg = Release|Win32
		{0B27053D-B626-42AF-B2C4-04AD1F54160C}.Release|x64.ActiveCfg = Release|x64
		{0B27053D-B626-42AF-B2C4-04AD1F54160C}.Release|x64.Build.0 = Release|x64
		{0B27053D-B626-42AF-B2C4-04AD1F54160C}.Release|x86.ActiveCfg = Release|Win32
		{0B27053D-B626-42AF-B2C4-04AD1F54160C}.Release|x86.Build.0 = Release|Win32
		{5EEE68E7-3CB0-4ADB-AF72-4C0BB01F0B18}.Debug|Any CPU.ActiveCfg = Debug|Win32
		{5EEE68E7-3CB0-4ADB-AF72-4C0BB01F0B18}.Debug|x64.ActiveCfg = Debug|x64
		{5EEE68E7-3CB0-4ADB-AF72-4C0BB01F0B18}.Debug|x64.Build.0 = Debug|x64
		{5EEE68E7-3CB0-4ADB-AF72-4C0BB01F0B18}.Debug|x86.ActiveCfg = Debug|Win32
		{5EEE68E7-3CB0-4ADB-AF72-4C0BB01F0B18}.Debug|x86.Build.0 = Debug|Win32
		{5EEE68E7-3CB0-4ADB-AF72-4C0BB01F0B18}.Release|Any CPU.ActiveCfg = Release|Win32
		{5EEE68E7-3CB0-4ADB-AF72-4C0BB01F0B18}.Release|x64.ActiveCfg = Release|x64
		{5EEE68E7-3CB0-4ADB-AF72-4C0BB01F0B18}.Release|x64.Build.0 = Release|x64
		{5EEE68E7-3CB0-4ADB-AF72-4C0BB01F0B18}.Release|x86.ActiveCfg = Release|Win32
		{5EEE68E7-3CB0-4ADB-AF72-4C0BB01F0B18}.Release|x86.Build.0 = Release|Win32
		{1AC0D3B0-CD98-4EB7-B266-0A1108C48CF5}.Debug|Any CPU.ActiveCfg = Debug|x86
		{1AC0D3B0-CD98-4EB7-B266-0A1108C48CF5}.Debug|x64.ActiveCfg = Debug|x64
		{1AC0D3B0-CD98-4EB7-B266-0A1108C48CF5}.Debug|x64.Build.0 = Debug|x64
		{1AC0D3B0-CD98-4EB7-B266-0A1108C48CF5}.Debug|x86.ActiveCfg = Debug|x86
		{1AC0D3B0-CD98-4EB7-B266-0A1108C48CF5}.Debug|x86.Build.0 = Debug|x86
		{1AC0D3B0-CD98-4EB7-B266-0A1108C48CF5}.Release|Any CPU.ActiveCfg = Release|x86
		{1AC0D3B0-CD98-4EB7-B266-0A1108C48CF5}.Release|x64.ActiveCfg = Release|x64
		{1AC0D3B0-CD98-4EB7-B266-0A1108C48CF5}.Release|x64.Build.0 = Release|x64
		{1AC0D3B0-CD98-4EB7-B266-0A1108C48CF5}.Release|x86.ActiveCfg = Release|x86
		{D743D60F-31E7-4FE8-BC8E-0D94EDE668DA}.Debug|Any CPU.ActiveCfg = Debug|Any CPU
		{D743D60F-31E7-4FE8-BC8E-0D94EDE668DA}.Debug|Any CPU.Build.0 = Debug|Any CPU
		{D743D60F-31E7-4FE8-BC8E-0D94EDE668DA}.Debug|x64.ActiveCfg = Debug|Any CPU
		{D743D60F-31E7-4FE8-BC8E-0D94EDE668DA}.Debug|x64.Build.0 = Debug|Any CPU
		{D743D60F-31E7-4FE8-BC8E-0D94EDE668DA}.Debug|x86.ActiveCfg = Debug|Any CPU
		{D743D60F-31E7-4FE8-BC8E-0D94EDE668DA}.Debug|x86.Build.0 = Debug|Any CPU
		{D743D60F-31E7-4FE8-BC8E-0D94EDE668DA}.Release|Any CPU.ActiveCfg = Release|Any CPU
		{D743D60F-31E7-4FE8-BC8E-0D94EDE668DA}.Release|Any CPU.Build.0 = Release|Any CPU
		{D743D60F-31E7-4FE8-BC8E-0D94EDE668DA}.Release|x64.ActiveCfg = Release|Any CPU
		{D743D60F-31E7-4FE8-BC8E-0D94EDE668DA}.Release|x64.Build.0 = Release|Any CPU
		{D743D60F-31E7-4FE8-BC8E-0D94EDE668DA}.Release|x86.ActiveCfg = Release|Any CPU
	EndGlobalSection
	GlobalSection(SolutionProperties) = preSolution
		HideSolutionNode = FALSE
	EndGlobalSection
	GlobalSection(ExtensibilityGlobals) = postSolution
		SolutionGuid = {0DFEBD7A-995D-4F8D-A6C4-75C6319CE5DF}
	EndGlobalSection
EndGlobal
